
Microsoft Visual Studio Solution File, Format Version 12.00
Project("{FAE04EC0-301F-11D3-BF4B-00C04F79EFBC}") = "OidcLocalizationProvider", "OidcLocalizationProvider\OidcLocalizationProvider.csproj", "{CEB770E8-BDD2-4662-8654-4A96A2FA9BF0}"
EndProject
Global
	GlobalSection(SolutionConfigurationPlatforms) = preSolution
		Debug|Any CPU = Debug|Any CPU
		Release|Any CPU = Release|Any CPU
	EndGlobalSection
	GlobalSection(ProjectConfigurationPlatforms) = postSolution
		{CEB770E8-BDD2-4662-8654-4A96A2FA9BF0}.Debug|Any CPU.ActiveCfg = Debug|Any CPU
		{CEB770E8-BDD2-4662-8654-4A96A2FA9BF0}.Debug|Any CPU.Build.0 = Debug|Any CPU
		{CEB770E8-BDD2-4662-8654-4A96A2FA9BF0}.Release|Any CPU.ActiveCfg = Release|Any CPU
		{CEB770E8-BDD2-4662-8654-4A96A2FA9BF0}.Release|Any CPU.Build.0 = Release|Any CPU
	EndGlobalSection
EndGlobal
